// !$*UTF8*$!
{
	archiveVersion = 1;
	classes = {
	};
	objectVersion = 55;
	objects = {

/* Begin PBXBuildFile section */
		287E8D9C290F1B1B006B606D /* BeSpokeApp.swift in Sources */ = {isa = PBXBuildFile; fileRef = 287E8D9B290F1B1B006B606D /* BeSpokeApp.swift */; };
		287E8D9E290F1B1B006B606D /* ContentView.swift in Sources */ = {isa = PBXBuildFile; fileRef = 287E8D9D290F1B1B006B606D /* ContentView.swift */; };
		287E8DA0290F1B1D006B606D /* Assets.xcassets in Resources */ = {isa = PBXBuildFile; fileRef = 287E8D9F290F1B1D006B606D /* Assets.xcassets */; };
		287E8DA3290F1B1D006B606D /* Preview Assets.xcassets in Resources */ = {isa = PBXBuildFile; fileRef = 287E8DA2290F1B1D006B606D /* Preview Assets.xcassets */; };
		287E8DAD290F1B1D006B606D /* BeSpokeTests.swift in Sources */ = {isa = PBXBuildFile; fileRef = 287E8DAC290F1B1D006B606D /* BeSpokeTests.swift */; };
		287E8DB7290F1B1D006B606D /* BeSpokeUITests.swift in Sources */ = {isa = PBXBuildFile; fileRef = 287E8DB6290F1B1D006B606D /* BeSpokeUITests.swift */; };
		287E8DB9290F1B1D006B606D /* BeSpokeUITestsLaunchTests.swift in Sources */ = {isa = PBXBuildFile; fileRef = 287E8DB8290F1B1D006B606D /* BeSpokeUITestsLaunchTests.swift */; };
		9F17844B2A93C001009F2549 /* NoteView.swift in Sources */ = {isa = PBXBuildFile; fileRef = 9F17844A2A93C001009F2549 /* NoteView.swift */; };
		9F17844D2A93C03A009F2549 /* MapView.swift in Sources */ = {isa = PBXBuildFile; fileRef = 9F17844C2A93C03A009F2549 /* MapView.swift */; };
		9F17844F2A93C05B009F2549 /* TileView.swift in Sources */ = {isa = PBXBuildFile; fileRef = 9F17844E2A93C05B009F2549 /* TileView.swift */; };
		9F1784512A93C080009F2549 /* QuoteView.swift in Sources */ = {isa = PBXBuildFile; fileRef = 9F1784502A93C080009F2549 /* QuoteView.swift */; };
		9F1784542A93C174009F2549 /* Note.swift in Sources */ = {isa = PBXBuildFile; fileRef = 9F1784532A93C174009F2549 /* Note.swift */; };
		9F1784562A93C17C009F2549 /* Quote.swift in Sources */ = {isa = PBXBuildFile; fileRef = 9F1784552A93C17C009F2549 /* Quote.swift */; };
		9F17845B2A93C37D009F2549 /* README.md in Resources */ = {isa = PBXBuildFile; fileRef = 9F17845A2A93C37D009F2549 /* README.md */; };
		9F17845F2A93C677009F2549 /* .gitignore in Resources */ = {isa = PBXBuildFile; fileRef = 9F17845E2A93C677009F2549 /* .gitignore */; };
		9F17846B2A97D16E009F2549 /* DataOrganization.md in Resources */ = {isa = PBXBuildFile; fileRef = 9F17846A2A97D16E009F2549 /* DataOrganization.md */; };
		9F17846D2A97D179009F2549 /* User.swift in Sources */ = {isa = PBXBuildFile; fileRef = 9F17846C2A97D179009F2549 /* User.swift */; };
		9F17846F2A97D44E009F2549 /* CardView.swift in Sources */ = {isa = PBXBuildFile; fileRef = 9F17846E2A97D44E009F2549 /* CardView.swift */; };
		9F17849C2A984B58009F2549 /* .swiftlint.yml in Resources */ = {isa = PBXBuildFile; fileRef = 9F17849B2A984B58009F2549 /* .swiftlint.yml */; };
		9F17849D2A984B58009F2549 /* .swiftlint.yml in Resources */ = {isa = PBXBuildFile; fileRef = 9F17849B2A984B58009F2549 /* .swiftlint.yml */; };
		9F17849E2A984B58009F2549 /* .swiftlint.yml in Resources */ = {isa = PBXBuildFile; fileRef = 9F17849B2A984B58009F2549 /* .swiftlint.yml */; };
		9F1784A42A9853E8009F2549 /* .gitignore in Resources */ = {isa = PBXBuildFile; fileRef = 9F17845E2A93C677009F2549 /* .gitignore */; };
		9F1784A52A9853E9009F2549 /* .gitignore in Resources */ = {isa = PBXBuildFile; fileRef = 9F17845E2A93C677009F2549 /* .gitignore */; };
		9F1784A72A9854D5009F2549 /* .swiftformat in Resources */ = {isa = PBXBuildFile; fileRef = 9F1784A62A9854D5009F2549 /* .swiftformat */; };
		9F1784A82A9854D5009F2549 /* .swiftformat in Resources */ = {isa = PBXBuildFile; fileRef = 9F1784A62A9854D5009F2549 /* .swiftformat */; };
		9F1784A92A9854D5009F2549 /* .swiftformat in Resources */ = {isa = PBXBuildFile; fileRef = 9F1784A62A9854D5009F2549 /* .swiftformat */; };
/* End PBXBuildFile section */

/* Begin PBXContainerItemProxy section */
		287E8DA9290F1B1D006B606D /* PBXContainerItemProxy */ = {
			isa = PBXContainerItemProxy;
			containerPortal = 287E8D90290F1B1B006B606D /* Project object */;
			proxyType = 1;
			remoteGlobalIDString = 287E8D97290F1B1B006B606D;
			remoteInfo = "Be Written";
		};
		287E8DB3290F1B1D006B606D /* PBXContainerItemProxy */ = {
			isa = PBXContainerItemProxy;
			containerPortal = 287E8D90290F1B1B006B606D /* Project object */;
			proxyType = 1;
			remoteGlobalIDString = 287E8D97290F1B1B006B606D;
			remoteInfo = "Be Written";
		};
/* End PBXContainerItemProxy section */

/* Begin PBXFileReference section */
		287E8D98290F1B1B006B606D /* bespoke.app */ = {isa = PBXFileReference; explicitFileType = wrapper.application; includeInIndex = 0; path = bespoke.app; sourceTree = BUILT_PRODUCTS_DIR; };
		287E8D9B290F1B1B006B606D /* BeSpokeApp.swift */ = {isa = PBXFileReference; lastKnownFileType = sourcecode.swift; path = BeSpokeApp.swift; sourceTree = "<group>"; };
		287E8D9D290F1B1B006B606D /* ContentView.swift */ = {isa = PBXFileReference; lastKnownFileType = sourcecode.swift; path = ContentView.swift; sourceTree = "<group>"; };
		287E8D9F290F1B1D006B606D /* Assets.xcassets */ = {isa = PBXFileReference; lastKnownFileType = folder.assetcatalog; path = Assets.xcassets; sourceTree = "<group>"; };
		287E8DA2290F1B1D006B606D /* Preview Assets.xcassets */ = {isa = PBXFileReference; lastKnownFileType = folder.assetcatalog; path = "Preview Assets.xcassets"; sourceTree = "<group>"; };
		287E8DA8290F1B1D006B606D /* bespokeTests.xctest */ = {isa = PBXFileReference; explicitFileType = wrapper.cfbundle; includeInIndex = 0; path = bespokeTests.xctest; sourceTree = BUILT_PRODUCTS_DIR; };
		287E8DAC290F1B1D006B606D /* BeSpokeTests.swift */ = {isa = PBXFileReference; lastKnownFileType = sourcecode.swift; path = BeSpokeTests.swift; sourceTree = "<group>"; };
		287E8DB2290F1B1D006B606D /* bespokeUITests.xctest */ = {isa = PBXFileReference; explicitFileType = wrapper.cfbundle; includeInIndex = 0; path = bespokeUITests.xctest; sourceTree = BUILT_PRODUCTS_DIR; };
		287E8DB6290F1B1D006B606D /* BeSpokeUITests.swift */ = {isa = PBXFileReference; lastKnownFileType = sourcecode.swift; path = BeSpokeUITests.swift; sourceTree = "<group>"; };
		287E8DB8290F1B1D006B606D /* BeSpokeUITestsLaunchTests.swift */ = {isa = PBXFileReference; lastKnownFileType = sourcecode.swift; path = BeSpokeUITestsLaunchTests.swift; sourceTree = "<group>"; };
		9F17844A2A93C001009F2549 /* NoteView.swift */ = {isa = PBXFileReference; lastKnownFileType = sourcecode.swift; path = NoteView.swift; sourceTree = "<group>"; };
		9F17844C2A93C03A009F2549 /* MapView.swift */ = {isa = PBXFileReference; lastKnownFileType = sourcecode.swift; path = MapView.swift; sourceTree = "<group>"; };
		9F17844E2A93C05B009F2549 /* TileView.swift */ = {isa = PBXFileReference; lastKnownFileType = sourcecode.swift; path = TileView.swift; sourceTree = "<group>"; };
		9F1784502A93C080009F2549 /* QuoteView.swift */ = {isa = PBXFileReference; lastKnownFileType = sourcecode.swift; path = QuoteView.swift; sourceTree = "<group>"; };
		9F1784532A93C174009F2549 /* Note.swift */ = {isa = PBXFileReference; lastKnownFileType = sourcecode.swift; path = Note.swift; sourceTree = "<group>"; };
		9F1784552A93C17C009F2549 /* Quote.swift */ = {isa = PBXFileReference; lastKnownFileType = sourcecode.swift; path = Quote.swift; sourceTree = "<group>"; };
		9F17845A2A93C37D009F2549 /* README.md */ = {isa = PBXFileReference; fileEncoding = 4; lastKnownFileType = net.daringfireball.markdown; path = README.md; sourceTree = "<group>"; };
		9F17845E2A93C677009F2549 /* .gitignore */ = {isa = PBXFileReference; fileEncoding = 4; lastKnownFileType = text; path = .gitignore; sourceTree = SOURCE_ROOT; };
		9F17846A2A97D16E009F2549 /* DataOrganization.md */ = {isa = PBXFileReference; fileEncoding = 4; lastKnownFileType = net.daringfireball.markdown; path = DataOrganization.md; sourceTree = "<group>"; };
		9F17846C2A97D179009F2549 /* User.swift */ = {isa = PBXFileReference; fileEncoding = 4; lastKnownFileType = sourcecode.swift; path = User.swift; sourceTree = "<group>"; };
		9F17846E2A97D44E009F2549 /* CardView.swift */ = {isa = PBXFileReference; lastKnownFileType = sourcecode.swift; path = CardView.swift; sourceTree = "<group>"; };
		9F17849B2A984B58009F2549 /* .swiftlint.yml */ = {isa = PBXFileReference; lastKnownFileType = text.yaml; path = .swiftlint.yml; sourceTree = "<group>"; };
		9F1784A62A9854D5009F2549 /* .swiftformat */ = {isa = PBXFileReference; fileEncoding = 4; lastKnownFileType = text; path = .swiftformat; sourceTree = "<group>"; };
/* End PBXFileReference section */

/* Begin PBXFrameworksBuildPhase section */
		287E8D95290F1B1B006B606D /* Frameworks */ = {
			isa = PBXFrameworksBuildPhase;
			buildActionMask = 2147483647;
			files = (
			);
			runOnlyForDeploymentPostprocessing = 0;
		};
		287E8DA5290F1B1D006B606D /* Frameworks */ = {
			isa = PBXFrameworksBuildPhase;
			buildActionMask = 2147483647;
			files = (
			);
			runOnlyForDeploymentPostprocessing = 0;
		};
		287E8DAF290F1B1D006B606D /* Frameworks */ = {
			isa = PBXFrameworksBuildPhase;
			buildActionMask = 2147483647;
			files = (
			);
			runOnlyForDeploymentPostprocessing = 0;
		};
/* End PBXFrameworksBuildPhase section */

/* Begin PBXGroup section */
		287E8D8F290F1B1B006B606D = {
			isa = PBXGroup;
			children = (
				9F17849B2A984B58009F2549 /* .swiftlint.yml */,
				9F1784A62A9854D5009F2549 /* .swiftformat */,
				9F17845E2A93C677009F2549 /* .gitignore */,
				9F17845A2A93C37D009F2549 /* README.md */,
				287E8D9A290F1B1B006B606D /* BeSpoke */,
				287E8DAB290F1B1D006B606D /* BeSpokeTests */,
				287E8DB5290F1B1D006B606D /* BeSpokeUITests */,
				287E8D99290F1B1B006B606D /* Products */,
			);
			sourceTree = "<group>";
		};
		287E8D99290F1B1B006B606D /* Products */ = {
			isa = PBXGroup;
			children = (
				287E8D98290F1B1B006B606D /* bespoke.app */,
				287E8DA8290F1B1D006B606D /* bespokeTests.xctest */,
				287E8DB2290F1B1D006B606D /* bespokeUITests.xctest */,
			);
			name = Products;
			sourceTree = "<group>";
		};
		287E8D9A290F1B1B006B606D /* BeSpoke */ = {
			isa = PBXGroup;
			children = (
				9F1784482A93BFE7009F2549 /* Views */,
				9F1784472A93BF6C009F2549 /* Models */,
				287E8D9B290F1B1B006B606D /* BeSpokeApp.swift */,
				287E8D9D290F1B1B006B606D /* ContentView.swift */,
				287E8D9F290F1B1D006B606D /* Assets.xcassets */,
				287E8DA1290F1B1D006B606D /* Preview Content */,
			);
			path = BeSpoke;
			sourceTree = "<group>";
		};
		287E8DA1290F1B1D006B606D /* Preview Content */ = {
			isa = PBXGroup;
			children = (
				287E8DA2290F1B1D006B606D /* Preview Assets.xcassets */,
			);
			path = "Preview Content";
			sourceTree = "<group>";
		};
		287E8DAB290F1B1D006B606D /* BeSpokeTests */ = {
			isa = PBXGroup;
			children = (
				287E8DAC290F1B1D006B606D /* BeSpokeTests.swift */,
			);
			path = BeSpokeTests;
			sourceTree = "<group>";
		};
		287E8DB5290F1B1D006B606D /* BeSpokeUITests */ = {
			isa = PBXGroup;
			children = (
				287E8DB6290F1B1D006B606D /* BeSpokeUITests.swift */,
				287E8DB8290F1B1D006B606D /* BeSpokeUITestsLaunchTests.swift */,
			);
			path = BeSpokeUITests;
			sourceTree = "<group>";
		};
		9F1784472A93BF6C009F2549 /* Models */ = {
			isa = PBXGroup;
			children = (
				9F17846A2A97D16E009F2549 /* DataOrganization.md */,
				9F17846C2A97D179009F2549 /* User.swift */,
				9F1784532A93C174009F2549 /* Note.swift */,
				9F1784552A93C17C009F2549 /* Quote.swift */,
			);
			path = Models;
			sourceTree = "<group>";
		};
		9F1784482A93BFE7009F2549 /* Views */ = {
			isa = PBXGroup;
			children = (
				9F1784712A97D861009F2549 /* SharedViews */,
				9F1784702A97D856009F2549 /* ModelViews */,
			);
			path = Views;
			sourceTree = "<group>";
		};
		9F1784702A97D856009F2549 /* ModelViews */ = {
			isa = PBXGroup;
			children = (
				9F1784502A93C080009F2549 /* QuoteView.swift */,
				9F17844A2A93C001009F2549 /* NoteView.swift */,
			);
			path = ModelViews;
			sourceTree = "<group>";
		};
		9F1784712A97D861009F2549 /* SharedViews */ = {
			isa = PBXGroup;
			children = (
				9F17846E2A97D44E009F2549 /* CardView.swift */,
				9F17844C2A93C03A009F2549 /* MapView.swift */,
				9F17844E2A93C05B009F2549 /* TileView.swift */,
			);
			path = SharedViews;
			sourceTree = "<group>";
		};
/* End PBXGroup section */

/* Begin PBXNativeTarget section */
		287E8D97290F1B1B006B606D /* bespoke */ = {
			isa = PBXNativeTarget;
			buildConfigurationList = 287E8DBC290F1B1D006B606D /* Build configuration list for PBXNativeTarget "bespoke" */;
			buildPhases = (
				9F17849F2A984C1B009F2549 /* Run Script */,
				287E8D94290F1B1B006B606D /* Sources */,
				287E8D95290F1B1B006B606D /* Frameworks */,
				287E8D96290F1B1B006B606D /* Resources */,
			);
			buildRules = (
			);
			dependencies = (
			);
			name = bespoke;
			productName = "Be Written";
			productReference = 287E8D98290F1B1B006B606D /* bespoke.app */;
			productType = "com.apple.product-type.application";
		};
		287E8DA7290F1B1D006B606D /* bespokeTests */ = {
			isa = PBXNativeTarget;
			buildConfigurationList = 287E8DBF290F1B1D006B606D /* Build configuration list for PBXNativeTarget "bespokeTests" */;
			buildPhases = (
				287E8DA4290F1B1D006B606D /* Sources */,
				287E8DA5290F1B1D006B606D /* Frameworks */,
				287E8DA6290F1B1D006B606D /* Resources */,
			);
			buildRules = (
			);
			dependencies = (
				287E8DAA290F1B1D006B606D /* PBXTargetDependency */,
			);
			name = bespokeTests;
			productName = "Be WrittenTests";
			productReference = 287E8DA8290F1B1D006B606D /* bespokeTests.xctest */;
			productType = "com.apple.product-type.bundle.unit-test";
		};
		287E8DB1290F1B1D006B606D /* bespokeUITests */ = {
			isa = PBXNativeTarget;
			buildConfigurationList = 287E8DC2290F1B1D006B606D /* Build configuration list for PBXNativeTarget "bespokeUITests" */;
			buildPhases = (
				287E8DAE290F1B1D006B606D /* Sources */,
				287E8DAF290F1B1D006B606D /* Frameworks */,
				287E8DB0290F1B1D006B606D /* Resources */,
			);
			buildRules = (
			);
			dependencies = (
				287E8DB4290F1B1D006B606D /* PBXTargetDependency */,
			);
			name = bespokeUITests;
			productName = "Be WrittenUITests";
			productReference = 287E8DB2290F1B1D006B606D /* bespokeUITests.xctest */;
			productType = "com.apple.product-type.bundle.ui-testing";
		};
/* End PBXNativeTarget section */

/* Begin PBXProject section */
		287E8D90290F1B1B006B606D /* Project object */ = {
			isa = PBXProject;
			attributes = {
				BuildIndependentTargetsInParallel = 1;
				LastSwiftUpdateCheck = 1340;
				LastUpgradeCheck = 1340;
				TargetAttributes = {
					287E8D97290F1B1B006B606D = {
						CreatedOnToolsVersion = 13.4.1;
					};
					287E8DA7290F1B1D006B606D = {
						CreatedOnToolsVersion = 13.4.1;
						TestTargetID = 287E8D97290F1B1B006B606D;
					};
					287E8DB1290F1B1D006B606D = {
						CreatedOnToolsVersion = 13.4.1;
						TestTargetID = 287E8D97290F1B1B006B606D;
					};
				};
			};
			buildConfigurationList = 287E8D93290F1B1B006B606D /* Build configuration list for PBXProject "bespoke" */;
			compatibilityVersion = "Xcode 13.0";
			developmentRegion = en;
			hasScannedForEncodings = 0;
			knownRegions = (
				en,
				Base,
			);
			mainGroup = 287E8D8F290F1B1B006B606D;
			productRefGroup = 287E8D99290F1B1B006B606D /* Products */;
			projectDirPath = "";
			projectRoot = "";
			targets = (
				287E8D97290F1B1B006B606D /* bespoke */,
				287E8DA7290F1B1D006B606D /* bespokeTests */,
				287E8DB1290F1B1D006B606D /* bespokeUITests */,
			);
		};
/* End PBXProject section */

/* Begin PBXResourcesBuildPhase section */
		287E8D96290F1B1B006B606D /* Resources */ = {
			isa = PBXResourcesBuildPhase;
			buildActionMask = 2147483647;
			files = (
				9F17849C2A984B58009F2549 /* .swiftlint.yml in Resources */,
				9F1784A52A9853E9009F2549 /* .gitignore in Resources */,
				9F1784A72A9854D5009F2549 /* .swiftformat in Resources */,
				9F17846B2A97D16E009F2549 /* DataOrganization.md in Resources */,
				9F17845B2A93C37D009F2549 /* README.md in Resources */,
				287E8DA3290F1B1D006B606D /* Preview Assets.xcassets in Resources */,
				287E8DA0290F1B1D006B606D /* Assets.xcassets in Resources */,
			);
			runOnlyForDeploymentPostprocessing = 0;
		};
		287E8DA6290F1B1D006B606D /* Resources */ = {
			isa = PBXResourcesBuildPhase;
			buildActionMask = 2147483647;
			files = (
				9F1784A42A9853E8009F2549 /* .gitignore in Resources */,
				9F17849D2A984B58009F2549 /* .swiftlint.yml in Resources */,
				9F1784A82A9854D5009F2549 /* .swiftformat in Resources */,
			);
			runOnlyForDeploymentPostprocessing = 0;
		};
		287E8DB0290F1B1D006B606D /* Resources */ = {
			isa = PBXResourcesBuildPhase;
			buildActionMask = 2147483647;
			files = (
				9F17849E2A984B58009F2549 /* .swiftlint.yml in Resources */,
				9F17845F2A93C677009F2549 /* .gitignore in Resources */,
				9F1784A92A9854D5009F2549 /* .swiftformat in Resources */,
			);
			runOnlyForDeploymentPostprocessing = 0;
		};
/* End PBXResourcesBuildPhase section */

/* Begin PBXShellScriptBuildPhase section */
		9F17849F2A984C1B009F2549 /* Run Script */ = {
			isa = PBXShellScriptBuildPhase;
			alwaysOutOfDate = 1;
			buildActionMask = 2147483647;
			files = (
			);
			inputFileListPaths = (
			);
			inputPaths = (
			);
			name = "Run Script";
			outputFileListPaths = (
			);
			outputPaths = (
			);
			runOnlyForDeploymentPostprocessing = 0;
			shellPath = /bin/sh;
			shellScript = "if [[ \"$(uname -m)\" == arm64 ]]; then\n    export PATH=\"/opt/homebrew/bin:$PATH\"\nfi\n\nif which swiftlint >/dev/null; then\n    swiftlint --fix && swiftlint\nelse\n    echo \"warning: SwiftLint not installed, download from https://github.com/realm/SwiftLint\"\nfi\n";
		};
/* End PBXShellScriptBuildPhase section */

/* Begin PBXSourcesBuildPhase section */
		287E8D94290F1B1B006B606D /* Sources */ = {
			isa = PBXSourcesBuildPhase;
			buildActionMask = 2147483647;
			files = (
				287E8D9E290F1B1B006B606D /* ContentView.swift in Sources */,
				287E8D9C290F1B1B006B606D /* BeSpokeApp.swift in Sources */,
				9F1784542A93C174009F2549 /* Note.swift in Sources */,
				9F17844D2A93C03A009F2549 /* MapView.swift in Sources */,
				9F17846F2A97D44E009F2549 /* CardView.swift in Sources */,
				9F1784562A93C17C009F2549 /* Quote.swift in Sources */,
				9F17846D2A97D179009F2549 /* User.swift in Sources */,
				9F17844B2A93C001009F2549 /* NoteView.swift in Sources */,
				9F1784512A93C080009F2549 /* QuoteView.swift in Sources */,
				9F17844F2A93C05B009F2549 /* TileView.swift in Sources */,
			);
			runOnlyForDeploymentPostprocessing = 0;
		};
		287E8DA4290F1B1D006B606D /* Sources */ = {
			isa = PBXSourcesBuildPhase;
			buildActionMask = 2147483647;
			files = (
				287E8DAD290F1B1D006B606D /* BeSpokeTests.swift in Sources */,
			);
			runOnlyForDeploymentPostprocessing = 0;
		};
		287E8DAE290F1B1D006B606D /* Sources */ = {
			isa = PBXSourcesBuildPhase;
			buildActionMask = 2147483647;
			files = (
				287E8DB7290F1B1D006B606D /* BeSpokeUITests.swift in Sources */,
				287E8DB9290F1B1D006B606D /* BeSpokeUITestsLaunchTests.swift in Sources */,
			);
			runOnlyForDeploymentPostprocessing = 0;
		};
/* End PBXSourcesBuildPhase section */

/* Begin PBXTargetDependency section */
		287E8DAA290F1B1D006B606D /* PBXTargetDependency */ = {
			isa = PBXTargetDependency;
			target = 287E8D97290F1B1B006B606D /* bespoke */;
			targetProxy = 287E8DA9290F1B1D006B606D /* PBXContainerItemProxy */;
		};
		287E8DB4290F1B1D006B606D /* PBXTargetDependency */ = {
			isa = PBXTargetDependency;
			target = 287E8D97290F1B1B006B606D /* bespoke */;
			targetProxy = 287E8DB3290F1B1D006B606D /* PBXContainerItemProxy */;
		};
/* End PBXTargetDependency section */

/* Begin XCBuildConfiguration section */
		287E8DBA290F1B1D006B606D /* Debug */ = {
			isa = XCBuildConfiguration;
			buildSettings = {
				ALWAYS_SEARCH_USER_PATHS = NO;
				CLANG_ANALYZER_NONNULL = YES;
				CLANG_ANALYZER_NUMBER_OBJECT_CONVERSION = YES_AGGRESSIVE;
				CLANG_CXX_LANGUAGE_STANDARD = "gnu++17";
				CLANG_ENABLE_MODULES = YES;
				CLANG_ENABLE_OBJC_ARC = YES;
				CLANG_ENABLE_OBJC_WEAK = YES;
				CLANG_WARN_BLOCK_CAPTURE_AUTORELEASING = YES;
				CLANG_WARN_BOOL_CONVERSION = YES;
				CLANG_WARN_COMMA = YES;
				CLANG_WARN_CONSTANT_CONVERSION = YES;
				CLANG_WARN_DEPRECATED_OBJC_IMPLEMENTATIONS = YES;
				CLANG_WARN_DIRECT_OBJC_ISA_USAGE = YES_ERROR;
				CLANG_WARN_DOCUMENTATION_COMMENTS = YES;
				CLANG_WARN_EMPTY_BODY = YES;
				CLANG_WARN_ENUM_CONVERSION = YES;
				CLANG_WARN_INFINITE_RECURSION = YES;
				CLANG_WARN_INT_CONVERSION = YES;
				CLANG_WARN_NON_LITERAL_NULL_CONVERSION = YES;
				CLANG_WARN_OBJC_IMPLICIT_RETAIN_SELF = YES;
				CLANG_WARN_OBJC_LITERAL_CONVERSION = YES;
				CLANG_WARN_OBJC_ROOT_CLASS = YES_ERROR;
				CLANG_WARN_QUOTED_INCLUDE_IN_FRAMEWORK_HEADER = YES;
				CLANG_WARN_RANGE_LOOP_ANALYSIS = YES;
				CLANG_WARN_STRICT_PROTOTYPES = YES;
				CLANG_WARN_SUSPICIOUS_MOVE = YES;
				CLANG_WARN_UNGUARDED_AVAILABILITY = YES_AGGRESSIVE;
				CLANG_WARN_UNREACHABLE_CODE = YES;
				CLANG_WARN__DUPLICATE_METHOD_MATCH = YES;
				COPY_PHASE_STRIP = NO;
				DEBUG_INFORMATION_FORMAT = dwarf;
				ENABLE_STRICT_OBJC_MSGSEND = YES;
				ENABLE_TESTABILITY = YES;
				GCC_C_LANGUAGE_STANDARD = gnu11;
				GCC_DYNAMIC_NO_PIC = NO;
				GCC_NO_COMMON_BLOCKS = YES;
				GCC_OPTIMIZATION_LEVEL = 0;
				GCC_PREPROCESSOR_DEFINITIONS = (
					"DEBUG=1",
					"$(inherited)",
				);
				GCC_WARN_64_TO_32_BIT_CONVERSION = YES;
				GCC_WARN_ABOUT_RETURN_TYPE = YES_ERROR;
				GCC_WARN_UNDECLARED_SELECTOR = YES;
				GCC_WARN_UNINITIALIZED_AUTOS = YES_AGGRESSIVE;
				GCC_WARN_UNUSED_FUNCTION = YES;
				GCC_WARN_UNUSED_VARIABLE = YES;
				IPHONEOS_DEPLOYMENT_TARGET = 15.5;
				MTL_ENABLE_DEBUG_INFO = INCLUDE_SOURCE;
				MTL_FAST_MATH = YES;
				ONLY_ACTIVE_ARCH = YES;
				SDKROOT = iphoneos;
				SWIFT_ACTIVE_COMPILATION_CONDITIONS = DEBUG;
				SWIFT_OPTIMIZATION_LEVEL = "-Onone";
			};
			name = Debug;
		};
		287E8DBB290F1B1D006B606D /* Release */ = {
			isa = XCBuildConfiguration;
			buildSettings = {
				ALWAYS_SEARCH_USER_PATHS = NO;
				CLANG_ANALYZER_NONNULL = YES;
				CLANG_ANALYZER_NUMBER_OBJECT_CONVERSION = YES_AGGRESSIVE;
				CLANG_CXX_LANGUAGE_STANDARD = "gnu++17";
				CLANG_ENABLE_MODULES = YES;
				CLANG_ENABLE_OBJC_ARC = YES;
				CLANG_ENABLE_OBJC_WEAK = YES;
				CLANG_WARN_BLOCK_CAPTURE_AUTORELEASING = YES;
				CLANG_WARN_BOOL_CONVERSION = YES;
				CLANG_WARN_COMMA = YES;
				CLANG_WARN_CONSTANT_CONVERSION = YES;
				CLANG_WARN_DEPRECATED_OBJC_IMPLEMENTATIONS = YES;
				CLANG_WARN_DIRECT_OBJC_ISA_USAGE = YES_ERROR;
				CLANG_WARN_DOCUMENTATION_COMMENTS = YES;
				CLANG_WARN_EMPTY_BODY = YES;
				CLANG_WARN_ENUM_CONVERSION = YES;
				CLANG_WARN_INFINITE_RECURSION = YES;
				CLANG_WARN_INT_CONVERSION = YES;
				CLANG_WARN_NON_LITERAL_NULL_CONVERSION = YES;
				CLANG_WARN_OBJC_IMPLICIT_RETAIN_SELF = YES;
				CLANG_WARN_OBJC_LITERAL_CONVERSION = YES;
				CLANG_WARN_OBJC_ROOT_CLASS = YES_ERROR;
				CLANG_WARN_QUOTED_INCLUDE_IN_FRAMEWORK_HEADER = YES;
				CLANG_WARN_RANGE_LOOP_ANALYSIS = YES;
				CLANG_WARN_STRICT_PROTOTYPES = YES;
				CLANG_WARN_SUSPICIOUS_MOVE = YES;
				CLANG_WARN_UNGUARDED_AVAILABILITY = YES_AGGRESSIVE;
				CLANG_WARN_UNREACHABLE_CODE = YES;
				CLANG_WARN__DUPLICATE_METHOD_MATCH = YES;
				COPY_PHASE_STRIP = NO;
				DEBUG_INFORMATION_FORMAT = "dwarf-with-dsym";
				ENABLE_NS_ASSERTIONS = NO;
				ENABLE_STRICT_OBJC_MSGSEND = YES;
				GCC_C_LANGUAGE_STANDARD = gnu11;
				GCC_NO_COMMON_BLOCKS = YES;
				GCC_WARN_64_TO_32_BIT_CONVERSION = YES;
				GCC_WARN_ABOUT_RETURN_TYPE = YES_ERROR;
				GCC_WARN_UNDECLARED_SELECTOR = YES;
				GCC_WARN_UNINITIALIZED_AUTOS = YES_AGGRESSIVE;
				GCC_WARN_UNUSED_FUNCTION = YES;
				GCC_WARN_UNUSED_VARIABLE = YES;
				IPHONEOS_DEPLOYMENT_TARGET = 15.5;
				MTL_ENABLE_DEBUG_INFO = NO;
				MTL_FAST_MATH = YES;
				SDKROOT = iphoneos;
				SWIFT_COMPILATION_MODE = wholemodule;
				SWIFT_OPTIMIZATION_LEVEL = "-O";
				VALIDATE_PRODUCT = YES;
			};
			name = Release;
		};
		287E8DBD290F1B1D006B606D /* Debug */ = {
			isa = XCBuildConfiguration;
			buildSettings = {
				ASSETCATALOG_COMPILER_APPICON_NAME = AppIcon;
				ASSETCATALOG_COMPILER_GLOBAL_ACCENT_COLOR_NAME = AccentColor;
				CODE_SIGN_STYLE = Automatic;
				CURRENT_PROJECT_VERSION = 1;
				DEVELOPMENT_ASSET_PATHS = "\"bespoke/Preview Content\"";
				DEVELOPMENT_TEAM = 6VTSX44YHP;
				ENABLE_PREVIEWS = YES;
				GENERATE_INFOPLIST_FILE = YES;
				INFOPLIST_KEY_UIApplicationSceneManifest_Generation = YES;
				INFOPLIST_KEY_UIApplicationSupportsIndirectInputEvents = YES;
				INFOPLIST_KEY_UILaunchScreen_Generation = YES;
				INFOPLIST_KEY_UISupportedInterfaceOrientations_iPad = "UIInterfaceOrientationPortrait UIInterfaceOrientationPortraitUpsideDown UIInterfaceOrientationLandscapeLeft UIInterfaceOrientationLandscapeRight";
				INFOPLIST_KEY_UISupportedInterfaceOrientations_iPhone = "UIInterfaceOrientationPortrait UIInterfaceOrientationLandscapeLeft UIInterfaceOrientationLandscapeRight";
				LD_RUNPATH_SEARCH_PATHS = (
					"$(inherited)",
					"@executable_path/Frameworks",
				);
				MARKETING_VERSION = 1.0;
				PRODUCT_BUNDLE_IDENTIFIER = ca.safarihouse.bespoke;
				PRODUCT_NAME = "$(TARGET_NAME)";
				SWIFT_EMIT_LOC_STRINGS = YES;
				SWIFT_VERSION = 5.0;
				TARGETED_DEVICE_FAMILY = "1,2";
			};
			name = Debug;
		};
		287E8DBE290F1B1D006B606D /* Release */ = {
			isa = XCBuildConfiguration;
			buildSettings = {
				ASSETCATALOG_COMPILER_APPICON_NAME = AppIcon;
				ASSETCATALOG_COMPILER_GLOBAL_ACCENT_COLOR_NAME = AccentColor;
				CODE_SIGN_STYLE = Automatic;
				CURRENT_PROJECT_VERSION = 1;
				DEVELOPMENT_ASSET_PATHS = "\"bespoke/Preview Content\"";
				DEVELOPMENT_TEAM = 6VTSX44YHP;
				ENABLE_PREVIEWS = YES;
				GENERATE_INFOPLIST_FILE = YES;
				INFOPLIST_KEY_UIApplicationSceneManifest_Generation = YES;
				INFOPLIST_KEY_UIApplicationSupportsIndirectInputEvents = YES;
				INFOPLIST_KEY_UILaunchScreen_Generation = YES;
				INFOPLIST_KEY_UISupportedInterfaceOrientations_iPad = "UIInterfaceOrientationPortrait UIInterfaceOrientationPortraitUpsideDown UIInterfaceOrientationLandscapeLeft UIInterfaceOrientationLandscapeRight";
				INFOPLIST_KEY_UISupportedInterfaceOrientations_iPhone = "UIInterfaceOrientationPortrait UIInterfaceOrientationLandscapeLeft UIInterfaceOrientationLandscapeRight";
				LD_RUNPATH_SEARCH_PATHS = (
					"$(inherited)",
					"@executable_path/Frameworks",
				);
				MARKETING_VERSION = 1.0;
				PRODUCT_BUNDLE_IDENTIFIER = ca.safarihouse.bespoke;
				PRODUCT_NAME = "$(TARGET_NAME)";
				SWIFT_EMIT_LOC_STRINGS = YES;
				SWIFT_VERSION = 5.0;
				TARGETED_DEVICE_FAMILY = "1,2";
			};
			name = Release;
		};
		287E8DC0290F1B1D006B606D /* Debug */ = {
			isa = XCBuildConfiguration;
			buildSettings = {
				ALWAYS_EMBED_SWIFT_STANDARD_LIBRARIES = YES;
				BUNDLE_LOADER = "$(TEST_HOST)";
				CODE_SIGN_STYLE = Automatic;
				CURRENT_PROJECT_VERSION = 1;
				DEVELOPMENT_TEAM = 6VTSX44YHP;
				GENERATE_INFOPLIST_FILE = YES;
				IPHONEOS_DEPLOYMENT_TARGET = 15.5;
				MARKETING_VERSION = 1.0;
				PRODUCT_BUNDLE_IDENTIFIER = ca.safarihouse.bespokeTests;
				PRODUCT_NAME = "$(TARGET_NAME)";
				SWIFT_EMIT_LOC_STRINGS = NO;
				SWIFT_VERSION = 5.0;
				TARGETED_DEVICE_FAMILY = "1,2";
				TEST_HOST = "$(BUILT_PRODUCTS_DIR)/bespoke.app/bespoke";
			};
			name = Debug;
		};
		287E8DC1290F1B1D006B606D /* Release */ = {
			isa = XCBuildConfiguration;
			buildSettings = {
				ALWAYS_EMBED_SWIFT_STANDARD_LIBRARIES = YES;
				BUNDLE_LOADER = "$(TEST_HOST)";
				CODE_SIGN_STYLE = Automatic;
				CURRENT_PROJECT_VERSION = 1;
				DEVELOPMENT_TEAM = 6VTSX44YHP;
				GENERATE_INFOPLIST_FILE = YES;
				IPHONEOS_DEPLOYMENT_TARGET = 15.5;
				MARKETING_VERSION = 1.0;
				PRODUCT_BUNDLE_IDENTIFIER = ca.safarihouse.bespokeTests;
				PRODUCT_NAME = "$(TARGET_NAME)";
				SWIFT_EMIT_LOC_STRINGS = NO;
				SWIFT_VERSION = 5.0;
				TARGETED_DEVICE_FAMILY = "1,2";
				TEST_HOST = "$(BUILT_PRODUCTS_DIR)/bespoke.app/bespoke";
			};
			name = Release;
		};
		287E8DC3290F1B1D006B606D /* Debug */ = {
			isa = XCBuildConfiguration;
			buildSettings = {
				ALWAYS_EMBED_SWIFT_STANDARD_LIBRARIES = YES;
				CODE_SIGN_STYLE = Automatic;
				CURRENT_PROJECT_VERSION = 1;
				DEVELOPMENT_TEAM = 6VTSX44YHP;
				GENERATE_INFOPLIST_FILE = YES;
				MARKETING_VERSION = 1.0;
				PRODUCT_BUNDLE_IDENTIFIER = ca.safarihouse.bespokeUITests;
				PRODUCT_NAME = "$(TARGET_NAME)";
				SWIFT_EMIT_LOC_STRINGS = NO;
				SWIFT_VERSION = 5.0;
				TARGETED_DEVICE_FAMILY = "1,2";
				TEST_TARGET_NAME = bespoke;
			};
			name = Debug;
		};
		287E8DC4290F1B1D006B606D /* Release */ = {
			isa = XCBuildConfiguration;
			buildSettings = {
				ALWAYS_EMBED_SWIFT_STANDARD_LIBRARIES = YES;
				CODE_SIGN_STYLE = Automatic;
				CURRENT_PROJECT_VERSION = 1;
				DEVELOPMENT_TEAM = 6VTSX44YHP;
				GENERATE_INFOPLIST_FILE = YES;
				MARKETING_VERSION = 1.0;
				PRODUCT_BUNDLE_IDENTIFIER = ca.safarihouse.bespokeUITests;
				PRODUCT_NAME = "$(TARGET_NAME)";
				SWIFT_EMIT_LOC_STRINGS = NO;
				SWIFT_VERSION = 5.0;
				TARGETED_DEVICE_FAMILY = "1,2";
				TEST_TARGET_NAME = bespoke;
			};
			name = Release;
		};
/* End XCBuildConfiguration section */

/* Begin XCConfigurationList section */
		287E8D93290F1B1B006B606D /* Build configuration list for PBXProject "bespoke" */ = {
			isa = XCConfigurationList;
			buildConfigurations = (
				287E8DBA290F1B1D006B606D /* Debug */,
				287E8DBB290F1B1D006B606D /* Release */,
			);
			defaultConfigurationIsVisible = 0;
			defaultConfigurationName = Release;
		};
		287E8DBC290F1B1D006B606D /* Build configuration list for PBXNativeTarget "bespoke" */ = {
			isa = XCConfigurationList;
			buildConfigurations = (
				287E8DBD290F1B1D006B606D /* Debug */,
				287E8DBE290F1B1D006B606D /* Release */,
			);
			defaultConfigurationIsVisible = 0;
			defaultConfigurationName = Release;
		};
		287E8DBF290F1B1D006B606D /* Build configuration list for PBXNativeTarget "bespokeTests" */ = {
			isa = XCConfigurationList;
			buildConfigurations = (
				287E8DC0290F1B1D006B606D /* Debug */,
				287E8DC1290F1B1D006B606D /* Release */,
			);
			defaultConfigurationIsVisible = 0;
			defaultConfigurationName = Release;
		};
		287E8DC2290F1B1D006B606D /* Build configuration list for PBXNativeTarget "bespokeUITests" */ = {
			isa = XCConfigurationList;
			buildConfigurations = (
				287E8DC3290F1B1D006B606D /* Debug */,
				287E8DC4290F1B1D006B606D /* Release */,
			);
			defaultConfigurationIsVisible = 0;
			defaultConfigurationName = Release;
		};
/* End XCConfigurationList section */
	};
	rootObject = 287E8D90290F1B1B006B606D /* Project object */;
}
